
Microsoft Visual Studio Solution File, Format Version 12.00
# Visual Studio Version 17
VisualStudioVersion = 17.9.34701.34
MinimumVisualStudioVersion = 10.0.40219.1
Project("{9A19103F-16F7-4668-BE54-9A1E7A4F7556}") = "HyperCubeRemoteControlDesktop", "HyperCubeRemoteControlDesktop\HyperCubeRemoteControlDesktop.csproj", "{F2B14F98-46A6-48F3-AF45-D765C45AF553}"
EndProject
Project("{9A19103F-16F7-4668-BE54-9A1E7A4F7556}") = "HyperCubeRemoteControlDesktop.Desktop", "HyperCubeRemoteControlDesktop.Desktop\HyperCubeRemoteControlDesktop.Desktop.csproj", "{68B8016C-D6F2-4F51-B6A9-65BE675B79BF}"
EndProject
Global
	GlobalSection(SolutionConfigurationPlatforms) = preSolution
		Debug|Any CPU = Debug|Any CPU
		Release|Any CPU = Release|Any CPU
	EndGlobalSection
	GlobalSection(ProjectConfigurationPlatforms) = postSolution
		{F2B14F98-46A6-48F3-AF45-D765C45AF553}.Debug|Any CPU.ActiveCfg = Debug|Any CPU
		{F2B14F98-46A6-48F3-AF45-D765C45AF553}.Debug|Any CPU.Build.0 = Debug|Any CPU
		{F2B14F98-46A6-48F3-AF45-D765C45AF553}.Release|Any CPU.ActiveCfg = Release|Any CPU
		{F2B14F98-46A6-48F3-AF45-D765C45AF553}.Release|Any CPU.Build.0 = Release|Any CPU
		{68B8016C-D6F2-4F51-B6A9-65BE675B79BF}.Debug|Any CPU.ActiveCfg = Debug|Any CPU
		{68B8016C-D6F2-4F51-B6A9-65BE675B79BF}.Debug|Any CPU.Build.0 = Debug|Any CPU
		{68B8016C-D6F2-4F51-B6A9-65BE675B79BF}.Release|Any CPU.ActiveCfg = Release|Any CPU
		{68B8016C-D6F2-4F51-B6A9-65BE675B79BF}.Release|Any CPU.Build.0 = Release|Any CPU
	EndGlobalSection
	GlobalSection(SolutionProperties) = preSolution
		HideSolutionNode = FALSE
	EndGlobalSection
	GlobalSection(ExtensibilityGlobals) = postSolution
		SolutionGuid = {F2CEE10E-BAC3-4930-802B-F8485A9EA8FB}
	EndGlobalSection
EndGlobal
