
Microsoft Visual Studio Solution File, Format Version 12.00
# Visual Studio Version 17
VisualStudioVersion = 17.6.33829.357
MinimumVisualStudioVersion = 10.0.40219.1
Project("{FAE04EC0-301F-11D3-BF4B-00C04F79EFBC}") = "DesignTest", "DesignTest\DesignTest.csproj", "{980D43BA-DC69-4BC7-BFA9-74E0C883B331}"
EndProject
Global
	GlobalSection(SolutionConfigurationPlatforms) = preSolution
		Debug|Any CPU = Debug|Any CPU
		Debug|x64 = Debug|x64
		Release|Any CPU = Release|Any CPU
		Release|x64 = Release|x64
	EndGlobalSection
	GlobalSection(ProjectConfigurationPlatforms) = postSolution
		{980D43BA-DC69-4BC7-BFA9-74E0C883B331}.Debug|Any CPU.ActiveCfg = Debug|Any CPU
		{980D43BA-DC69-4BC7-BFA9-74E0C883B331}.Debug|Any CPU.Build.0 = Debug|Any CPU
		{980D43BA-DC69-4BC7-BFA9-74E0C883B331}.Debug|x64.ActiveCfg = Debug|x64
		{980D43BA-DC69-4BC7-BFA9-74E0C883B331}.Debug|x64.Build.0 = Debug|x64
		{980D43BA-DC69-4BC7-BFA9-74E0C883B331}.Release|Any CPU.ActiveCfg = Release|Any CPU
		{980D43BA-DC69-4BC7-BFA9-74E0C883B331}.Release|Any CPU.Build.0 = Release|Any CPU
		{980D43BA-DC69-4BC7-BFA9-74E0C883B331}.Release|x64.ActiveCfg = Release|x64
		{980D43BA-DC69-4BC7-BFA9-74E0C883B331}.Release|x64.Build.0 = Release|x64
	EndGlobalSection
	GlobalSection(SolutionProperties) = preSolution
		HideSolutionNode = FALSE
	EndGlobalSection
	GlobalSection(ExtensibilityGlobals) = postSolution
		SolutionGuid = {7B1A51C5-B8CD-4093-8ECF-174E95E74CF5}
	EndGlobalSection
EndGlobal
