
Microsoft Visual Studio Solution File, Format Version 12.00
# Visual Studio Version 17
VisualStudioVersion = 17.7.34031.279
MinimumVisualStudioVersion = 10.0.40219.1
Project("{9A19103F-16F7-4668-BE54-9A1E7A4F7556}") = "MigrandoXMLparaAvalonia", "MigrandoXMLparaAvalonia.csproj", "{4E1A7E9E-C25B-43C7-9CC1-8E6A65F7CCDF}"
EndProject
Project("{9A19103F-16F7-4668-BE54-9A1E7A4F7556}") = "MigrandoXMLparaAvalonia.Desktop", "..\MigrandoXMLparaAvalonia.Desktop\MigrandoXMLparaAvalonia.Desktop.csproj", "{4DF85A35-613A-43FB-9D1E-656770879AC1}"
EndProject
Global
	GlobalSection(SolutionConfigurationPlatforms) = preSolution
		Debug|Any CPU = Debug|Any CPU
		Release|Any CPU = Release|Any CPU
	EndGlobalSection
	GlobalSection(ProjectConfigurationPlatforms) = postSolution
		{4E1A7E9E-C25B-43C7-9CC1-8E6A65F7CCDF}.Debug|Any CPU.ActiveCfg = Debug|Any CPU
		{4E1A7E9E-C25B-43C7-9CC1-8E6A65F7CCDF}.Debug|Any CPU.Build.0 = Debug|Any CPU
		{4E1A7E9E-C25B-43C7-9CC1-8E6A65F7CCDF}.Release|Any CPU.ActiveCfg = Release|Any CPU
		{4E1A7E9E-C25B-43C7-9CC1-8E6A65F7CCDF}.Release|Any CPU.Build.0 = Release|Any CPU
		{4DF85A35-613A-43FB-9D1E-656770879AC1}.Debug|Any CPU.ActiveCfg = Debug|Any CPU
		{4DF85A35-613A-43FB-9D1E-656770879AC1}.Debug|Any CPU.Build.0 = Debug|Any CPU
		{4DF85A35-613A-43FB-9D1E-656770879AC1}.Release|Any CPU.ActiveCfg = Release|Any CPU
		{4DF85A35-613A-43FB-9D1E-656770879AC1}.Release|Any CPU.Build.0 = Release|Any CPU
	EndGlobalSection
	GlobalSection(SolutionProperties) = preSolution
		HideSolutionNode = FALSE
	EndGlobalSection
	GlobalSection(ExtensibilityGlobals) = postSolution
		SolutionGuid = {D53D5016-97AB-4D84-97D7-7D42DCAFCC3B}
	EndGlobalSection
EndGlobal
