
Microsoft Visual Studio Solution File, Format Version 12.00
# Visual Studio Version 17
VisualStudioVersion = 17.7.34221.43
MinimumVisualStudioVersion = 10.0.40219.1
Project("{9A19103F-16F7-4668-BE54-9A1E7A4F7556}") = "ComponentAvalonia2", "ComponentAvalonia2\ComponentAvalonia2.csproj", "{56D02C72-ECE6-49B1-BD24-DBAC5C8A5A72}"
EndProject
Project("{9A19103F-16F7-4668-BE54-9A1E7A4F7556}") = "ComponentAvalonia2.Desktop", "ComponentAvalonia2.Desktop\ComponentAvalonia2.Desktop.csproj", "{71498DFC-E3B5-4AE7-9983-B716D440F573}"
EndProject
Global
	GlobalSection(SolutionConfigurationPlatforms) = preSolution
		Debug|Any CPU = Debug|Any CPU
		Release|Any CPU = Release|Any CPU
	EndGlobalSection
	GlobalSection(ProjectConfigurationPlatforms) = postSolution
		{56D02C72-ECE6-49B1-BD24-DBAC5C8A5A72}.Debug|Any CPU.ActiveCfg = Debug|Any CPU
		{56D02C72-ECE6-49B1-BD24-DBAC5C8A5A72}.Debug|Any CPU.Build.0 = Debug|Any CPU
		{56D02C72-ECE6-49B1-BD24-DBAC5C8A5A72}.Release|Any CPU.ActiveCfg = Release|Any CPU
		{56D02C72-ECE6-49B1-BD24-DBAC5C8A5A72}.Release|Any CPU.Build.0 = Release|Any CPU
		{71498DFC-E3B5-4AE7-9983-B716D440F573}.Debug|Any CPU.ActiveCfg = Debug|Any CPU
		{71498DFC-E3B5-4AE7-9983-B716D440F573}.Debug|Any CPU.Build.0 = Debug|Any CPU
		{71498DFC-E3B5-4AE7-9983-B716D440F573}.Release|Any CPU.ActiveCfg = Release|Any CPU
		{71498DFC-E3B5-4AE7-9983-B716D440F573}.Release|Any CPU.Build.0 = Release|Any CPU
	EndGlobalSection
	GlobalSection(SolutionProperties) = preSolution
		HideSolutionNode = FALSE
	EndGlobalSection
	GlobalSection(ExtensibilityGlobals) = postSolution
		SolutionGuid = {E5BA2319-3128-48CD-BC73-821493BB2B98}
	EndGlobalSection
EndGlobal
